Microsoft Visual Studio Solution File, Format Version 12.00
# Visual Studio Version 16
VisualStudioVersion = 16.0.30907.101
MinimumVisualStudioVersion = 10.0.40219.1
Project("{9A19103F-16F7-4668-BE54-9A1E7A4F7556}") = "ThAmCo.Web", "ThAmCo.Web\ThAmCo.Web.csproj", "{0F860972-8FCF-49BA-BE0A-A838D4C34B49}"
EndProject
Project("{9A19103F-16F7-4668-BE54-9A1E7A4F7556}") = "ThAmCo.Data", "ThAmCo.Data\ThAmCo.Data.csproj", "{711DB462-68A7-4F9C-B9FD-F3776CB7AD1B}"
EndProject
Project("{9A19103F-16F7-4668-BE54-9A1E7A4F7556}") = "ThAmCo.Auth", "ThAmCo.Auth\ThAmCo.Auth.csproj", "{A6F9F42F-9508-4C54-93D2-167C437CE009}"
EndProject
Global
	GlobalSection(SolutionConfigurationPlatforms) = preSolution
		Debug|Any CPU = Debug|Any CPU
		Release|Any CPU = Release|Any CPU
	EndGlobalSection
	GlobalSection(ProjectConfigurationPlatforms) = postSolution
		{0F860972-8FCF-49BA-BE0A-A838D4C34B49}.Debug|Any CPU.ActiveCfg = Release|Any CPU
		{0F860972-8FCF-49BA-BE0A-A838D4C34B49}.Debug|Any CPU.Build.0 = Release|Any CPU
		{0F860972-8FCF-49BA-BE0A-A838D4C34B49}.Release|Any CPU.ActiveCfg = Release|Any CPU
		{0F860972-8FCF-49BA-BE0A-A838D4C34B49}.Release|Any CPU.Build.0 = Release|Any CPU
		{711DB462-68A7-4F9C-B9FD-F3776CB7AD1B}.Debug|Any CPU.ActiveCfg = Release|Any CPU
		{711DB462-68A7-4F9C-B9FD-F3776CB7AD1B}.Debug|Any CPU.Build.0 = Release|Any CPU
		{711DB462-68A7-4F9C-B9FD-F3776CB7AD1B}.Release|Any CPU.ActiveCfg = Release|Any CPU
		{711DB462-68A7-4F9C-B9FD-F3776CB7AD1B}.Release|Any CPU.Build.0 = Release|Any CPU
		{A6F9F42F-9508-4C54-93D2-167C437CE009}.Debug|Any CPU.ActiveCfg = Release|Any CPU
		{A6F9F42F-9508-4C54-93D2-167C437CE009}.Debug|Any CPU.Build.0 = Release|Any CPU
		{A6F9F42F-9508-4C54-93D2-167C437CE009}.Release|Any CPU.ActiveCfg = Release|Any CPU
		{A6F9F42F-9508-4C54-93D2-167C437CE009}.Release|Any CPU.Build.0 = Release|Any CPU
	EndGlobalSection
	GlobalSection(SolutionProperties) = preSolution
		HideSolutionNode = FALSE
	EndGlobalSection
	GlobalSection(ExtensibilityGlobals) = postSolution
		SolutionGuid = {BE8AB4CC-84E0-441A-A895-0BFD988AED88}
	EndGlobalSection
EndGlobal
